github.com/jcfrperu/go-competitive-programming v1.2.1 h1:BVZqkh90y7PRR199NAUljKNKylF1NlcPCTXmmu5RA2I=
github.com/jcfrperu/go-competitive-programming v1.2.1/go.mod h1:LdFn+0iw+kBGyfszwWxvs/CmSZUIn+lvvA8Q76eNiFg=
github.com/jcfrperu/go-competitive-programming v1.2.3 h1:IZUFOrGtCV5DC3abqKO9jCqzfSzf1HIP41w7AlnWfZc=
github.com/jcfrperu/go-competitive-programming v1.2.3/go.mod h1:LdFn+0iw+kBGyfszwWxvs/CmSZUIn+lvvA8Q76eNiFg=
