github.com/jcfrperu/go-competitive-programming v1.0.3 h1:+PkrtDQj5FMpDNc8CECgNsxY50R/xkr4CgnfDlgzr+U=
github.com/jcfrperu/go-competitive-programming v1.0.3/go.mod h1:LdFn+0iw+kBGyfszwWxvs/CmSZUIn+lvvA8Q76eNiFg=
github.com/jcfrperu/go-competitive-programming v1.0.4 h1:LZuTuPRenb+aMnPWSOzzl/n1bPNKq5fPSCdjWuzyELw=
github.com/jcfrperu/go-competitive-programming v1.0.4/go.mod h1:LdFn+0iw+kBGyfszwWxvs/CmSZUIn+lvvA8Q76eNiFg=
github.com/jcfrperu/go-competitive-programming v1.0.5 h1:Acb6hzSmVgHcmYqjTDFhqknrWvn1KwM9S4A5uhsU/zY=
github.com/jcfrperu/go-competitive-programming v1.0.5/go.mod h1:LdFn+0iw+kBGyfszwWxvs/CmSZUIn+lvvA8Q76eNiFg=
github.com/jcfrperu/go-competitive-programming v1.0.6 h1:H0PUMKMGl0zb0Z7JzzLuSk1BF+UBWHROMhPhhfiIilw=
github.com/jcfrperu/go-competitive-programming v1.0.6/go.mod h1:LdFn+0iw+kBGyfszwWxvs/CmSZUIn+lvvA8Q76eNiFg=
github.com/jcfrperu/go-competitive-programming v1.2.0 h1:yMeagMm3+jDzIDYsOXIb0JQucr4rsgQWxfRGBFNON2o=
github.com/jcfrperu/go-competitive-programming v1.2.0/go.mod h1:LdFn+0iw+kBGyfszwWxvs/CmSZUIn+lvvA8Q76eNiFg=
github.com/jcfrperu/go-competitive-programming v1.2.1 h1:BVZqkh90y7PRR199NAUljKNKylF1NlcPCTXmmu5RA2I=
github.com/jcfrperu/go-competitive-programming v1.2.1/go.mod h1:LdFn+0iw+kBGyfszwWxvs/CmSZUIn+lvvA8Q76eNiFg=
github.com/jcfrperu/go-competitive-programming v1.3.0 h1:SdjgbnQt2sR+75XGXWZyz3JNZcXo2PznGHa58jZa6zM=
github.com/jcfrperu/go-competitive-programming v1.3.0/go.mod h1:LdFn+0iw+kBGyfszwWxvs/CmSZUIn+lvvA8Q76eNiFg=
