github.com/jcfrperu/go-competitive-programming v1.0.3 h1:+PkrtDQj5FMpDNc8CECgNsxY50R/xkr4CgnfDlgzr+U=
github.com/jcfrperu/go-competitive-programming v1.0.3/go.mod h1:LdFn+0iw+kBGyfszwWxvs/CmSZUIn+lvvA8Q76eNiFg=
github.com/jcfrperu/go-competitive-programming v1.0.4 h1:LZuTuPRenb+aMnPWSOzzl/n1bPNKq5fPSCdjWuzyELw=
github.com/jcfrperu/go-competitive-programming v1.0.4/go.mod h1:LdFn+0iw+kBGyfszwWxvs/CmSZUIn+lvvA8Q76eNiFg=
